
Microsoft Visual Studio Solution File, Format Version 12.00
# Visual Studio 15
VisualStudioVersion = 15.0.28307.645
MinimumVisualStudioVersion = 10.0.40219.1
Project("{FAE04EC0-301F-11D3-BF4B-00C04F79EFBC}") = "CarBackOffice", "CarBackOffice\CarBackOffice.csproj", "{5FDE2F3C-7681-4CD3-B2EB-C2C19B76D064}"
EndProject
Project("{E24C65DC-7377-472B-9ABA-BC803B73C61A}") = "CarFrontOffice", "CarFrontOffice\", "{346915C1-CA04-436A-8CDF-38DAAD65BA49}"
	ProjectSection(WebsiteProperties) = preProject
		TargetFrameworkMoniker = ".NETFramework,Version%3Dv4.6.1"
		Debug.AspNetCompiler.VirtualPath = "/localhost_12905"
		Debug.AspNetCompiler.PhysicalPath = "CarFrontOffice\"
		Debug.AspNetCompiler.TargetPath = "PrecompiledWeb\localhost_12905\"
		Debug.AspNetCompiler.Updateable = "true"
		Debug.AspNetCompiler.ForceOverwrite = "true"
		Debug.AspNetCompiler.FixedNames = "false"
		Debug.AspNetCompiler.Debug = "True"
		Release.AspNetCompiler.VirtualPath = "/localhost_12905"
		Release.AspNetCompiler.PhysicalPath = "CarFrontOffice\"
		Release.AspNetCompiler.TargetPath = "PrecompiledWeb\localhost_12905\"
		Release.AspNetCompiler.Updateable = "true"
		Release.AspNetCompiler.ForceOverwrite = "true"
		Release.AspNetCompiler.FixedNames = "false"
		Release.AspNetCompiler.Debug = "False"
		VWDPort = "12905"
		SlnRelativePath = "CarFrontOffice\"
		DefaultWebSiteLanguage = "Visual C#"
	EndProjectSection
EndProject
Project("{FAE04EC0-301F-11D3-BF4B-00C04F79EFBC}") = "CarClasses", "CarClasses\CarClasses.csproj", "{D0D150F8-CEC8-447D-BA1B-92272382F646}"
EndProject
Project("{FAE04EC0-301F-11D3-BF4B-00C04F79EFBC}") = "Car Testing", "Car Testing\Car Testing.csproj", "{458DDBDB-FE6A-42D0-B285-3B8127418226}"
EndProject
Global
	GlobalSection(SolutionConfigurationPlatforms) = preSolution
		Debug|Any CPU = Debug|Any CPU
		Release|Any CPU = Release|Any CPU
	EndGlobalSection
	GlobalSection(ProjectConfigurationPlatforms) = postSolution
		{5FDE2F3C-7681-4CD3-B2EB-C2C19B76D064}.Debug|Any CPU.ActiveCfg = Debug|Any CPU
		{5FDE2F3C-7681-4CD3-B2EB-C2C19B76D064}.Debug|Any CPU.Build.0 = Debug|Any CPU
		{5FDE2F3C-7681-4CD3-B2EB-C2C19B76D064}.Release|Any CPU.ActiveCfg = Release|Any CPU
		{5FDE2F3C-7681-4CD3-B2EB-C2C19B76D064}.Release|Any CPU.Build.0 = Release|Any CPU
		{346915C1-CA04-436A-8CDF-38DAAD65BA49}.Debug|Any CPU.ActiveCfg = Debug|Any CPU
		{346915C1-CA04-436A-8CDF-38DAAD65BA49}.Debug|Any CPU.Build.0 = Debug|Any CPU
		{346915C1-CA04-436A-8CDF-38DAAD65BA49}.Release|Any CPU.ActiveCfg = Debug|Any CPU
		{346915C1-CA04-436A-8CDF-38DAAD65BA49}.Release|Any CPU.Build.0 = Debug|Any CPU
		{D0D150F8-CEC8-447D-BA1B-92272382F646}.Debug|Any CPU.ActiveCfg = Debug|Any CPU
		{D0D150F8-CEC8-447D-BA1B-92272382F646}.Debug|Any CPU.Build.0 = Debug|Any CPU
		{D0D150F8-CEC8-447D-BA1B-92272382F646}.Release|Any CPU.ActiveCfg = Release|Any CPU
		{D0D150F8-CEC8-447D-BA1B-92272382F646}.Release|Any CPU.Build.0 = Release|Any CPU
		{458DDBDB-FE6A-42D0-B285-3B8127418226}.Debug|Any CPU.ActiveCfg = Debug|Any CPU
		{458DDBDB-FE6A-42D0-B285-3B8127418226}.Debug|Any CPU.Build.0 = Debug|Any CPU
		{458DDBDB-FE6A-42D0-B285-3B8127418226}.Release|Any CPU.ActiveCfg = Release|Any CPU
		{458DDBDB-FE6A-42D0-B285-3B8127418226}.Release|Any CPU.Build.0 = Release|Any CPU
	EndGlobalSection
	GlobalSection(SolutionProperties) = preSolution
		HideSolutionNode = FALSE
	EndGlobalSection
	GlobalSection(ExtensibilityGlobals) = postSolution
		SolutionGuid = {670FC646-ACE0-4EB6-BFF7-277219BBF2BF}
	EndGlobalSection
EndGlobal
